
Microsoft Visual Studio Solution File, Format Version 12.00
# Visual Studio 15
VisualStudioVersion = 15.0.28010.2016
MinimumVisualStudioVersion = 10.0.40219.1
Project("{FAE04EC0-301F-11D3-BF4B-00C04F79EFBC}") = "Klasser1", "Klasser1\Klasser1.csproj", "{8182BA75-ECBA-4590-B078-8DA86B2C6C8C}"
EndProject
Project("{FAE04EC0-301F-11D3-BF4B-00C04F79EFBC}") = "Klasser2", "Klasser2\Klasser2.csproj", "{71B14096-70DE-4C74-BCDD-17F5F4A72924}"
EndProject
Project("{FAE04EC0-301F-11D3-BF4B-00C04F79EFBC}") = "Klasser3Static", "Klasser3Static\Klasser3Static.csproj", "{B5694E2F-48A5-4495-911D-9EE372C6FD22}"
EndProject
Project("{FAE04EC0-301F-11D3-BF4B-00C04F79EFBC}") = "Indkapsling", "Indkapsling\Indkapsling.csproj", "{D628DFB8-062A-45F3-AA85-043F947BF50D}"
EndProject
Project("{FAE04EC0-301F-11D3-BF4B-00C04F79EFBC}") = "IndkapslingEgenskaber", "IndkapslingEgenskaber\IndkapslingEgenskaber.csproj", "{24AAB7FB-F3BB-41A1-B55D-EF925217A508}"
EndProject
Project("{FAE04EC0-301F-11D3-BF4B-00C04F79EFBC}") = "AutomatiskeEgenskaber", "AutomatiskeEgenskaber\AutomatiskeEgenskaber.csproj", "{E726BC73-F1E0-45E8-8F8A-83C7D3ADE892}"
EndProject
Project("{FAE04EC0-301F-11D3-BF4B-00C04F79EFBC}") = "Automatiske egenskaber Terning", "Automatiske egenskaber Terning\Automatiske egenskaber Terning.csproj", "{888D6313-FE6C-410B-9948-3582D42B17DD}"
EndProject
Project("{FAE04EC0-301F-11D3-BF4B-00C04F79EFBC}") = "Array1", "Array1\Array1.csproj", "{2E986F59-92F9-484F-B8F5-B024C530017B}"
EndProject
Global
	GlobalSection(SolutionConfigurationPlatforms) = preSolution
		Debug|Any CPU = Debug|Any CPU
		Release|Any CPU = Release|Any CPU
	EndGlobalSection
	GlobalSection(ProjectConfigurationPlatforms) = postSolution
		{8182BA75-ECBA-4590-B078-8DA86B2C6C8C}.Debug|Any CPU.ActiveCfg = Debug|Any CPU
		{8182BA75-ECBA-4590-B078-8DA86B2C6C8C}.Debug|Any CPU.Build.0 = Debug|Any CPU
		{8182BA75-ECBA-4590-B078-8DA86B2C6C8C}.Release|Any CPU.ActiveCfg = Release|Any CPU
		{8182BA75-ECBA-4590-B078-8DA86B2C6C8C}.Release|Any CPU.Build.0 = Release|Any CPU
		{71B14096-70DE-4C74-BCDD-17F5F4A72924}.Debug|Any CPU.ActiveCfg = Debug|Any CPU
		{71B14096-70DE-4C74-BCDD-17F5F4A72924}.Debug|Any CPU.Build.0 = Debug|Any CPU
		{71B14096-70DE-4C74-BCDD-17F5F4A72924}.Release|Any CPU.ActiveCfg = Release|Any CPU
		{71B14096-70DE-4C74-BCDD-17F5F4A72924}.Release|Any CPU.Build.0 = Release|Any CPU
		{B5694E2F-48A5-4495-911D-9EE372C6FD22}.Debug|Any CPU.ActiveCfg = Debug|Any CPU
		{B5694E2F-48A5-4495-911D-9EE372C6FD22}.Debug|Any CPU.Build.0 = Debug|Any CPU
		{B5694E2F-48A5-4495-911D-9EE372C6FD22}.Release|Any CPU.ActiveCfg = Release|Any CPU
		{B5694E2F-48A5-4495-911D-9EE372C6FD22}.Release|Any CPU.Build.0 = Release|Any CPU
		{D628DFB8-062A-45F3-AA85-043F947BF50D}.Debug|Any CPU.ActiveCfg = Debug|Any CPU
		{D628DFB8-062A-45F3-AA85-043F947BF50D}.Debug|Any CPU.Build.0 = Debug|Any CPU
		{D628DFB8-062A-45F3-AA85-043F947BF50D}.Release|Any CPU.ActiveCfg = Release|Any CPU
		{D628DFB8-062A-45F3-AA85-043F947BF50D}.Release|Any CPU.Build.0 = Release|Any CPU
		{24AAB7FB-F3BB-41A1-B55D-EF925217A508}.Debug|Any CPU.ActiveCfg = Debug|Any CPU
		{24AAB7FB-F3BB-41A1-B55D-EF925217A508}.Debug|Any CPU.Build.0 = Debug|Any CPU
		{24AAB7FB-F3BB-41A1-B55D-EF925217A508}.Release|Any CPU.ActiveCfg = Release|Any CPU
		{24AAB7FB-F3BB-41A1-B55D-EF925217A508}.Release|Any CPU.Build.0 = Release|Any CPU
		{E726BC73-F1E0-45E8-8F8A-83C7D3ADE892}.Debug|Any CPU.ActiveCfg = Debug|Any CPU
		{E726BC73-F1E0-45E8-8F8A-83C7D3ADE892}.Debug|Any CPU.Build.0 = Debug|Any CPU
		{E726BC73-F1E0-45E8-8F8A-83C7D3ADE892}.Release|Any CPU.ActiveCfg = Release|Any CPU
		{E726BC73-F1E0-45E8-8F8A-83C7D3ADE892}.Release|Any CPU.Build.0 = Release|Any CPU
		{888D6313-FE6C-410B-9948-3582D42B17DD}.Debug|Any CPU.ActiveCfg = Debug|Any CPU
		{888D6313-FE6C-410B-9948-3582D42B17DD}.Debug|Any CPU.Build.0 = Debug|Any CPU
		{888D6313-FE6C-410B-9948-3582D42B17DD}.Release|Any CPU.ActiveCfg = Release|Any CPU
		{888D6313-FE6C-410B-9948-3582D42B17DD}.Release|Any CPU.Build.0 = Release|Any CPU
		{2E986F59-92F9-484F-B8F5-B024C530017B}.Debug|Any CPU.ActiveCfg = Debug|Any CPU
		{2E986F59-92F9-484F-B8F5-B024C530017B}.Debug|Any CPU.Build.0 = Debug|Any CPU
		{2E986F59-92F9-484F-B8F5-B024C530017B}.Release|Any CPU.ActiveCfg = Release|Any CPU
		{2E986F59-92F9-484F-B8F5-B024C530017B}.Release|Any CPU.Build.0 = Release|Any CPU
	EndGlobalSection
	GlobalSection(SolutionProperties) = preSolution
		HideSolutionNode = FALSE
	EndGlobalSection
	GlobalSection(ExtensibilityGlobals) = postSolution
		SolutionGuid = {0148E24C-1CCC-4F41-98CF-19243B168275}
	EndGlobalSection
EndGlobal
